{
  "version": 4,
  "terraform_version": "1.6.0",
  "serial": 170,
  "lineage": "d084790a-a8b6-55af-6ede-244d906ce38f",
  "outputs": {},
  "resources": [
    {
      "mode": "managed",
      "type": "google_compute_firewall",
      "name": "allow_outbound",
      "provider": "provider[\"registry.terraform.io/hashicorp/google\"]",
      "instances": [
        {
          "schema_version": 1,
          "attributes": {
            "allow": [
              {
                "ports": [
                  "80",
                  "443"
                ],
                "protocol": "tcp"
              }
            ],
            "creation_timestamp": "2024-10-08T13:36:10.145-07:00",
            "deny": [],
            "description": "",
            "destination_ranges": [
              "0.0.0.0/0"
            ],
            "direction": "EGRESS",
            "disabled": false,
            "enable_logging": null,
            "id": "projects/terraform-gcp-437716/global/firewalls/allow-outbound",
            "log_config": [],
            "name": "allow-outbound",
            "network": "https://www.googleapis.com/compute/v1/projects/terraform-gcp-437716/global/networks/default",
            "priority": 1000,
            "project": "terraform-gcp-437716",
            "self_link": "https://www.googleapis.com/compute/v1/projects/terraform-gcp-437716/global/firewalls/allow-outbound",
            "source_ranges": null,
            "source_service_accounts": null,
            "source_tags": null,
            "target_service_accounts": null,
            "target_tags": [
              "allow-outbound-tag"
            ],
            "timeouts": null
          },
          "sensitive_attributes": [],
          "private": "eyJlMmJmYjczMC1lY2FhLTExZTYtOGY4OC0zNDM2M2JjN2M0YzAiOnsiY3JlYXRlIjoxMjAwMDAwMDAwMDAwLCJkZWxldGUiOjEyMDAwMDAwMDAwMDAsInVwZGF0ZSI6MTIwMDAwMDAwMDAwMH0sInNjaGVtYV92ZXJzaW9uIjoiMSJ9"
        }
      ]
    },
    {
      "mode": "managed",
      "type": "google_compute_firewall",
      "name": "default",
      "provider": "provider[\"registry.terraform.io/hashicorp/google\"]",
      "instances": [
        {
          "schema_version": 1,
          "attributes": {
            "allow": [
              {
                "ports": [
                  "80"
                ],
                "protocol": "tcp"
              }
            ],
            "creation_timestamp": "2024-10-08T13:36:09.922-07:00",
            "deny": [],
            "description": "",
            "destination_ranges": [],
            "direction": "INGRESS",
            "disabled": false,
            "enable_logging": null,
            "id": "projects/terraform-gcp-437716/global/firewalls/allow-http",
            "log_config": [],
            "name": "allow-http",
            "network": "https://www.googleapis.com/compute/v1/projects/terraform-gcp-437716/global/networks/default",
            "priority": 1000,
            "project": "terraform-gcp-437716",
            "self_link": "https://www.googleapis.com/compute/v1/projects/terraform-gcp-437716/global/firewalls/allow-http",
            "source_ranges": [
              "0.0.0.0/0"
            ],
            "source_service_accounts": null,
            "source_tags": null,
            "target_service_accounts": null,
            "target_tags": [
              "http-server",
              "https-server"
            ],
            "timeouts": null
          },
          "sensitive_attributes": [],
          "private": "eyJlMmJmYjczMC1lY2FhLTExZTYtOGY4OC0zNDM2M2JjN2M0YzAiOnsiY3JlYXRlIjoxMjAwMDAwMDAwMDAwLCJkZWxldGUiOjEyMDAwMDAwMDAwMDAsInVwZGF0ZSI6MTIwMDAwMDAwMDAwMH0sInNjaGVtYV92ZXJzaW9uIjoiMSJ9"
        }
      ]
    },
    {
      "mode": "managed",
      "type": "google_compute_instance",
      "name": "lab-ssrf",
      "provider": "provider[\"registry.terraform.io/hashicorp/google\"]",
      "instances": [
        {
          "schema_version": 6,
          "attributes": {
            "advanced_machine_features": [],
            "allow_stopping_for_update": null,
            "attached_disk": [],
            "boot_disk": [
              {
                "auto_delete": true,
                "device_name": "persistent-disk-0",
                "disk_encryption_key_raw": "",
                "disk_encryption_key_sha256": "",
                "initialize_params": [
                  {
                    "image": "https://www.googleapis.com/compute/v1/projects/debian-cloud/global/images/debian-11-bullseye-v20240910",
                    "labels": {},
                    "size": 10,
                    "type": "pd-standard"
                  }
                ],
                "kms_key_self_link": "",
                "mode": "READ_WRITE",
                "source": "https://www.googleapis.com/compute/v1/projects/terraform-gcp-437716/zones/us-central1-a/disks/lab-ssrf"
              }
            ],
            "can_ip_forward": false,
            "confidential_instance_config": [],
            "cpu_platform": "Intel Broadwell",
            "current_status": "RUNNING",
            "deletion_protection": false,
            "description": "",
            "desired_status": null,
            "enable_display": false,
            "guest_accelerator": [],
            "hostname": "",
            "id": "projects/terraform-gcp-437716/zones/us-central1-a/instances/lab-ssrf",
            "instance_id": "2165942711883409747",
            "label_fingerprint": "42WmSpB8rSM=",
            "labels": null,
            "machine_type": "e2-micro",
            "metadata": {
              "ssh-keys": "lab-user:ssh-rsa AAAAB3NzaC1yc2EAAAADAQABAAACAQCsno8cqwefDf4Y5nD8QjQWj/atdLiRuha4Y9gVXdY1glbi6J7MOCZmjGP8IGBggC0ygjKBjbt7Y0SEu5vbBQQOZ96KwLqUj+gEL8/5+Cnr71f+RgualkbLaafi23uBjmQlZmfoh+/l1/W/AAZFJkUxloaCugUXjnT20hvKAqvao+MZImzH3GVNsd9xjNqXSO7xvxKW0kjYwrSZo37UtJCLUn4AghvLCsZ3p07U8NczXF2ulvhe7x3oWnJcyFD7QZcw55wbRStHyjVLzBs6bnGNxi058Lr0d9qaT75IrIkq+uMFdQ4wbB29EVc+fpZDh1jJ/alPovx5Mh+TrDqeA+MxwHy3Ym+j6d1fZwaB2Z6U91/cvyiRYEl6i9pK27SqVTtVskoo3/IHPeipYsxUL7DFUtTsi+rjrIHQwsgxrvHIYLGW3ld2B8thZ0y1Zal3unDAvGyu1RB9WN91TJ/TWO7fX+Dkeh1nhqCK3kWawzCJg8UY7MjU0V4dTYOdTmwIgjf+k/lJ+FXzLREJ4Zb9by3r/o5x0xcofF4RXiZTVawN7JlRsQpgJXyWKrU5NTZYsBnX5x8JQKktXgn8zrnUthG+crz7C4R6Q8veUXldsxkEIUdGrp7ZAVgE8YgMi3JAnr3uYtXpNyLCp8deOWfQtfUoDI/UgMEPRwPnF9gfTYwUDQ== 120843842381-compute@developer.gserviceaccount.com\n"
            },
            "metadata_fingerprint": "hDA5XQA9QDI=",
            "metadata_startup_script": null,
            "min_cpu_platform": "",
            "name": "lab-ssrf",
            "network_interface": [
              {
                "access_config": [
                  {
                    "nat_ip": "35.224.95.86",
                    "network_tier": "PREMIUM",
                    "public_ptr_domain_name": ""
                  }
                ],
                "alias_ip_range": [],
                "ipv6_access_config": [],
                "ipv6_access_type": "",
                "name": "nic0",
                "network": "https://www.googleapis.com/compute/v1/projects/terraform-gcp-437716/global/networks/default",
                "network_ip": "10.128.0.20",
                "nic_type": "",
                "queue_count": 0,
                "stack_type": "IPV4_ONLY",
                "subnetwork": "https://www.googleapis.com/compute/v1/projects/terraform-gcp-437716/regions/us-central1/subnetworks/default",
                "subnetwork_project": "terraform-gcp-437716"
              }
            ],
            "project": "terraform-gcp-437716",
            "reservation_affinity": [],
            "resource_policies": null,
            "scheduling": [
              {
                "automatic_restart": true,
                "instance_termination_action": "",
                "min_node_cpus": 0,
                "node_affinities": [],
                "on_host_maintenance": "MIGRATE",
                "preemptible": false,
                "provisioning_model": "STANDARD"
              }
            ],
            "scratch_disk": [],
            "self_link": "https://www.googleapis.com/compute/v1/projects/terraform-gcp-437716/zones/us-central1-a/instances/lab-ssrf",
            "service_account": [
              {
                "email": "120843842381-compute@developer.gserviceaccount.com",
                "scopes": [
                  "https://www.googleapis.com/auth/compute.readonly",
                  "https://www.googleapis.com/auth/devstorage.read_only"
                ]
              }
            ],
            "shielded_instance_config": [
              {
                "enable_integrity_monitoring": true,
                "enable_secure_boot": false,
                "enable_vtpm": true
              }
            ],
            "tags": [
              "http-server"
            ],
            "tags_fingerprint": "FYLDgkTKlA4=",
            "timeouts": null,
            "zone": "us-central1-a"
          },
          "sensitive_attributes": [],
          "private": "eyJlMmJmYjczMC1lY2FhLTExZTYtOGY4OC0zNDM2M2JjN2M0YzAiOnsiY3JlYXRlIjoxMjAwMDAwMDAwMDAwLCJkZWxldGUiOjEyMDAwMDAwMDAwMDAsInVwZGF0ZSI6MTIwMDAwMDAwMDAwMH0sInNjaGVtYV92ZXJzaW9uIjoiNiJ9"
        }
      ]
    },
    {
      "mode": "managed",
      "type": "google_storage_bucket",
      "name": "my_bucket",
      "provider": "provider[\"registry.terraform.io/hashicorp/google\"]",
      "instances": [
        {
          "schema_version": 0,
          "attributes": {
            "autoclass": [],
            "cors": [],
            "custom_placement_config": [],
            "default_event_based_hold": false,
            "encryption": [],
            "force_destroy": false,
            "id": "gabs_ssrf-gcp-gopher-easy",
            "labels": null,
            "lifecycle_rule": [
              {
                "action": [
                  {
                    "storage_class": "",
                    "type": "Delete"
                  }
                ],
                "condition": [
                  {
                    "age": 30,
                    "created_before": "",
                    "custom_time_before": "",
                    "days_since_custom_time": 0,
                    "days_since_noncurrent_time": 0,
                    "matches_prefix": [],
                    "matches_storage_class": [],
                    "matches_suffix": [],
                    "noncurrent_time_before": "",
                    "num_newer_versions": 0,
                    "with_state": "ANY"
                  }
                ]
              }
            ],
            "location": "US",
            "logging": [],
            "name": "gabs_ssrf-gcp-gopher-easy",
            "project": "terraform-gcp-437716",
            "public_access_prevention": "inherited",
            "requester_pays": false,
            "retention_policy": [],
            "self_link": "https://www.googleapis.com/storage/v1/b/gabs_ssrf-gcp-gopher-easy",
            "storage_class": "STANDARD",
            "timeouts": null,
            "uniform_bucket_level_access": true,
            "url": "gs://gabs_ssrf-gcp-gopher-easy",
            "versioning": [
              {
                "enabled": true
              }
            ],
            "website": []
          },
          "sensitive_attributes": [],
          "private": "eyJlMmJmYjczMC1lY2FhLTExZTYtOGY4OC0zNDM2M2JjN2M0YzAiOnsiY3JlYXRlIjoyNDAwMDAwMDAwMDAsInJlYWQiOjI0MDAwMDAwMDAwMCwidXBkYXRlIjoyNDAwMDAwMDAwMDB9fQ=="
        }
      ]
    },
    {
      "mode": "managed",
      "type": "null_resource",
      "name": "provision_files",
      "provider": "provider[\"registry.terraform.io/hashicorp/null\"]",
      "instances": [
        {
          "schema_version": 0,
          "attributes": {
            "id": "6098848748761419004",
            "triggers": null
          },
          "sensitive_attributes": [],
          "dependencies": [
            "google_compute_instance.lab-ssrf"
          ]
        }
      ]
    }
  ],
  "check_results": null
}
